
Microsoft Visual Studio Solution File, Format Version 12.00
# Visual Studio Version 16
VisualStudioVersion = 16.0.30011.22
MinimumVisualStudioVersion = 10.0.40219.1
Project("{FAE04EC0-301F-11D3-BF4B-00C04F79EFBC}") = "Sokobanana", "Sokobanana.csproj", "{B0EA97A6-4D56-4289-A94C-625569F3183B}"
EndProject
Global
	GlobalSection(SolutionConfigurationPlatforms) = preSolution
		Debug|Any CPU = Debug|Any CPU
		Release|Any CPU = Release|Any CPU
	EndGlobalSection
	GlobalSection(ProjectConfigurationPlatforms) = postSolution
		{B0EA97A6-4D56-4289-A94C-625569F3183B}.Debug|Any CPU.ActiveCfg = Debug|Any CPU
		{B0EA97A6-4D56-4289-A94C-625569F3183B}.Debug|Any CPU.Build.0 = Debug|Any CPU
		{B0EA97A6-4D56-4289-A94C-625569F3183B}.Release|Any CPU.ActiveCfg = Release|Any CPU
		{B0EA97A6-4D56-4289-A94C-625569F3183B}.Release|Any CPU.Build.0 = Release|Any CPU
	EndGlobalSection
	GlobalSection(SolutionProperties) = preSolution
		HideSolutionNode = FALSE
	EndGlobalSection
	GlobalSection(ExtensibilityGlobals) = postSolution
		SolutionGuid = {1ED88E5B-8ABE-411D-B676-B4137178044A}
	EndGlobalSection
EndGlobal
